{
  "name": "server",
  "version": "1.0.0",
  "lockfileVersion": 1,
  "requires": true,
  "dependencies": {
    "engine": {
      "version": "file:../engine",
      "requires": {
        "framework": "file:../framework"
      },
      "dependencies": {
        "framework": {
          "version": "file:../framework",
          "bundled": true
        }
      }
    }
  }
}
